
Microsoft Visual Studio Solution File, Format Version 12.00
# Visual Studio Version 17
VisualStudioVersion = 17.10.35027.167
MinimumVisualStudioVersion = 10.0.40219.1
Project("{FAE04EC0-301F-11D3-BF4B-00C04F79EFBC}") = "meeting_test", "meeting_test\meeting_test.csproj", "{B135DD6A-DB3F-44AA-8CAE-86D7FDA36519}"
EndProject
Global
	GlobalSection(SolutionConfigurationPlatforms) = preSolution
		Debug|Any CPU = Debug|Any CPU
		Release|Any CPU = Release|Any CPU
	EndGlobalSection
	GlobalSection(ProjectConfigurationPlatforms) = postSolution
		{B135DD6A-DB3F-44AA-8CAE-86D7FDA36519}.Debug|Any CPU.ActiveCfg = Debug|Any CPU
		{B135DD6A-DB3F-44AA-8CAE-86D7FDA36519}.Debug|Any CPU.Build.0 = Debug|Any CPU
		{B135DD6A-DB3F-44AA-8CAE-86D7FDA36519}.Release|Any CPU.ActiveCfg = Release|Any CPU
		{B135DD6A-DB3F-44AA-8CAE-86D7FDA36519}.Release|Any CPU.Build.0 = Release|Any CPU
	EndGlobalSection
	GlobalSection(SolutionProperties) = preSolution
		HideSolutionNode = FALSE
	EndGlobalSection
	GlobalSection(ExtensibilityGlobals) = postSolution
		SolutionGuid = {624990B5-157F-453D-80EA-76C2D8957679}
	EndGlobalSection
EndGlobal
